
Microsoft Visual Studio Solution File, Format Version 12.00
# Visual Studio Version 16
VisualStudioVersion = 16.0.30717.126
MinimumVisualStudioVersion = 10.0.40219.1
Project("{FAE04EC0-301F-11D3-BF4B-00C04F79EFBC}") = "CleanUpBlob", "CleanUpBlob.csproj", "{2110C3DC-F5A8-4141-84F5-269DAD85DC23}"
EndProject
Global
	GlobalSection(SolutionConfigurationPlatforms) = preSolution
		Debug|Any CPU = Debug|Any CPU
		Release|Any CPU = Release|Any CPU
	EndGlobalSection
	GlobalSection(ProjectConfigurationPlatforms) = postSolution
		{2110C3DC-F5A8-4141-84F5-269DAD85DC23}.Debug|Any CPU.ActiveCfg = Debug|Any CPU
		{2110C3DC-F5A8-4141-84F5-269DAD85DC23}.Debug|Any CPU.Build.0 = Debug|Any CPU
		{2110C3DC-F5A8-4141-84F5-269DAD85DC23}.Release|Any CPU.ActiveCfg = Release|Any CPU
		{2110C3DC-F5A8-4141-84F5-269DAD85DC23}.Release|Any CPU.Build.0 = Release|Any CPU
	EndGlobalSection
	GlobalSection(SolutionProperties) = preSolution
		HideSolutionNode = FALSE
	EndGlobalSection
	GlobalSection(ExtensibilityGlobals) = postSolution
		SolutionGuid = {CC472EC5-7E60-4FAB-AE17-A478D8E91174}
	EndGlobalSection
EndGlobal
